{
    "name": "USPCodeLab",
    "version": "1.0.0",
    "lockfileVersion": 1,
    "requires": true,
    "dependencies": {
        "bezier-easing": {
            "version": "2.0.3",
            "resolved": "https://registry.npmjs.org/bezier-easing/-/bezier-easing-2.0.3.tgz",
            "integrity": "sha1-y0k/3bf4kg7MoAlzNEzgUYiF8X4="
        },
        "vue-scrollto": {
            "version": "2.10.0",
            "resolved": "https://registry.npmjs.org/vue-scrollto/-/vue-scrollto-2.10.0.tgz",
            "integrity": "sha512-t+aHphV4WJdwO3YYSUARQa6ba4tIM7I8G7H6EfMXn0UKcdj9H74H3ILrjAw4sxJVqv1GdcMSugnunGOUFoNYoQ==",
            "requires": {
                "bezier-easing": "2.0.3"
            }
        }
    }
}
